
Microsoft Visual Studio Solution File, Format Version 12.00
# Visual Studio Version 16
VisualStudioVersion = 16.0.30114.105
MinimumVisualStudioVersion = 10.0.40219.1
Project("{9A19103F-16F7-4668-BE54-9A1E7A4F7556}") = "CypherTools.Core", "CypherTools.Core\CypherTools.Core.csproj", "{1E957FDC-119B-4A90-B6AD-38058EB6BF48}"
EndProject
Project("{9A19103F-16F7-4668-BE54-9A1E7A4F7556}") = "CypherTools.MigrationApp", "CypherTools.MigrationApp\CypherTools.MigrationApp.csproj", "{84FEE606-51B2-45DF-918C-872FB1CB5402}"
EndProject
Global
	GlobalSection(SolutionConfigurationPlatforms) = preSolution
		Debug|Any CPU = Debug|Any CPU
		Release|Any CPU = Release|Any CPU
	EndGlobalSection
	GlobalSection(ProjectConfigurationPlatforms) = postSolution
		{1E957FDC-119B-4A90-B6AD-38058EB6BF48}.Debug|Any CPU.ActiveCfg = Debug|Any CPU
		{1E957FDC-119B-4A90-B6AD-38058EB6BF48}.Debug|Any CPU.Build.0 = Debug|Any CPU
		{1E957FDC-119B-4A90-B6AD-38058EB6BF48}.Release|Any CPU.ActiveCfg = Release|Any CPU
		{1E957FDC-119B-4A90-B6AD-38058EB6BF48}.Release|Any CPU.Build.0 = Release|Any CPU
		{84FEE606-51B2-45DF-918C-872FB1CB5402}.Debug|Any CPU.ActiveCfg = Debug|Any CPU
		{84FEE606-51B2-45DF-918C-872FB1CB5402}.Debug|Any CPU.Build.0 = Debug|Any CPU
		{84FEE606-51B2-45DF-918C-872FB1CB5402}.Release|Any CPU.ActiveCfg = Release|Any CPU
		{84FEE606-51B2-45DF-918C-872FB1CB5402}.Release|Any CPU.Build.0 = Release|Any CPU
	EndGlobalSection
	GlobalSection(SolutionProperties) = preSolution
		HideSolutionNode = FALSE
	EndGlobalSection
	GlobalSection(ExtensibilityGlobals) = postSolution
		SolutionGuid = {127EE6B7-8E34-470F-972D-A32F4347420C}
	EndGlobalSection
EndGlobal
